
Microsoft Visual Studio Solution File, Format Version 12.00
# Visual Studio Version 17
VisualStudioVersion = 17.14.36414.22 d17.14
MinimumVisualStudioVersion = 10.0.40219.1
Project("{FAE04EC0-301F-11D3-BF4B-00C04F79EFBC}") = "TaskManagementAPI", "TaskManagementAPI.csproj", "{B455A5E7-66C3-43E7-BE3F-76D4206DB150}"
EndProject
Global
	GlobalSection(SolutionConfigurationPlatforms) = preSolution
		Debug|Any CPU = Debug|Any CPU
		Release|Any CPU = Release|Any CPU
	EndGlobalSection
	GlobalSection(ProjectConfigurationPlatforms) = postSolution
		{B455A5E7-66C3-43E7-BE3F-76D4206DB150}.Debug|Any CPU.ActiveCfg = Debug|Any CPU
		{B455A5E7-66C3-43E7-BE3F-76D4206DB150}.Debug|Any CPU.Build.0 = Debug|Any CPU
		{B455A5E7-66C3-43E7-BE3F-76D4206DB150}.Release|Any CPU.ActiveCfg = Release|Any CPU
		{B455A5E7-66C3-43E7-BE3F-76D4206DB150}.Release|Any CPU.Build.0 = Release|Any CPU
	EndGlobalSection
	GlobalSection(SolutionProperties) = preSolution
		HideSolutionNode = FALSE
	EndGlobalSection
	GlobalSection(ExtensibilityGlobals) = postSolution
		SolutionGuid = {063FA782-EFD9-4FC2-BF77-16F332267A8B}
	EndGlobalSection
EndGlobal
